
Microsoft Visual Studio Solution File, Format Version 12.00
# Visual Studio Version 17
VisualStudioVersion = 17.6.33829.357
MinimumVisualStudioVersion = 10.0.40219.1
Project("{9A19103F-16F7-4668-BE54-9A1E7A4F7556}") = "EmeraldEngine", "EmeraldEngine\EmeraldEngine.csproj", "{07A6EC72-65A8-4FBB-A532-78CD75E0E9FB}"
EndProject
Project("{9A19103F-16F7-4668-BE54-9A1E7A4F7556}") = "EmeraldEngine.Tests", "EmeraldEngine.Tests\EmeraldEngine.Tests.csproj", "{69F4663C-5A5C-44DA-AB5D-2164A6A4EE8E}"
EndProject
Project("{FAE04EC0-301F-11D3-BF4B-00C04F79EFBC}") = "InputsHelpers", "InputsHelpers\InputsHelpers.csproj", "{893D8023-3589-4E4B-917F-96B44C9B8A59}"
EndProject
Global
	GlobalSection(SolutionConfigurationPlatforms) = preSolution
		Debug|Any CPU = Debug|Any CPU
		Release|Any CPU = Release|Any CPU
	EndGlobalSection
	GlobalSection(ProjectConfigurationPlatforms) = postSolution
		{07A6EC72-65A8-4FBB-A532-78CD75E0E9FB}.Debug|Any CPU.ActiveCfg = Debug|Any CPU
		{07A6EC72-65A8-4FBB-A532-78CD75E0E9FB}.Debug|Any CPU.Build.0 = Debug|Any CPU
		{07A6EC72-65A8-4FBB-A532-78CD75E0E9FB}.Release|Any CPU.ActiveCfg = Release|Any CPU
		{07A6EC72-65A8-4FBB-A532-78CD75E0E9FB}.Release|Any CPU.Build.0 = Release|Any CPU
		{69F4663C-5A5C-44DA-AB5D-2164A6A4EE8E}.Debug|Any CPU.ActiveCfg = Debug|Any CPU
		{69F4663C-5A5C-44DA-AB5D-2164A6A4EE8E}.Debug|Any CPU.Build.0 = Debug|Any CPU
		{69F4663C-5A5C-44DA-AB5D-2164A6A4EE8E}.Release|Any CPU.ActiveCfg = Release|Any CPU
		{69F4663C-5A5C-44DA-AB5D-2164A6A4EE8E}.Release|Any CPU.Build.0 = Release|Any CPU
		{893D8023-3589-4E4B-917F-96B44C9B8A59}.Debug|Any CPU.ActiveCfg = Debug|Any CPU
		{893D8023-3589-4E4B-917F-96B44C9B8A59}.Debug|Any CPU.Build.0 = Debug|Any CPU
		{893D8023-3589-4E4B-917F-96B44C9B8A59}.Release|Any CPU.ActiveCfg = Release|Any CPU
		{893D8023-3589-4E4B-917F-96B44C9B8A59}.Release|Any CPU.Build.0 = Release|Any CPU
	EndGlobalSection
	GlobalSection(SolutionProperties) = preSolution
		HideSolutionNode = FALSE
	EndGlobalSection
	GlobalSection(ExtensibilityGlobals) = postSolution
		SolutionGuid = {4EF32304-25C7-425B-91C4-423A04F5E3A7}
	EndGlobalSection
EndGlobal
